// !$*UTF8*$!
{
	archiveVersion = 1;
	classes = {
	};
	objectVersion = 50;
	objects = {

/* Begin PBXBuildFile section */
		48145D69265C00FE002B351C /* MockViewControllerTransitionCoordinatorContext.swift in Sources */ = {isa = PBXBuildFile; fileRef = 48145D68265C00FE002B351C /* MockViewControllerTransitionCoordinatorContext.swift */; };
		48145D6E265C0178002B351C /* MockTransitionCoordinator.swift in Sources */ = {isa = PBXBuildFile; fileRef = 48145D6D265C0178002B351C /* MockTransitionCoordinator.swift */; };
		48145D73265C0225002B351C /* MockTransitionCoordinatingViewController.swift in Sources */ = {isa = PBXBuildFile; fileRef = 48145D72265C0225002B351C /* MockTransitionCoordinatingViewController.swift */; };
		48145D7C265C02B4002B351C /* MockPresentationViewController.swift in Sources */ = {isa = PBXBuildFile; fileRef = 48145D7B265C02B4002B351C /* MockPresentationViewController.swift */; };
		48145D83265C038D002B351C /* PresentationCapturingViewController.swift in Sources */ = {isa = PBXBuildFile; fileRef = 48145D82265C038D002B351C /* PresentationCapturingViewController.swift */; };
		481F44DA26566E5E00618F4A /* MockNavigationController.swift in Sources */ = {isa = PBXBuildFile; fileRef = 481F44D926566E5E00618F4A /* MockNavigationController.swift */; };
		4859EE9C2685F3090042805C /* UIBarButtonItem+Testing.swift in Sources */ = {isa = PBXBuildFile; fileRef = 4859EE9B2685F3090042805C /* UIBarButtonItem+Testing.swift */; };
		485B455E26E9446600CF1F91 /* MockSplitViewController.swift in Sources */ = {isa = PBXBuildFile; fileRef = 485B455D26E9446600CF1F91 /* MockSplitViewController.swift */; };
		485B456426EA228E00CF1F91 /* UIKeyCommand+Testing.swift in Sources */ = {isa = PBXBuildFile; fileRef = 485B456326EA228E00CF1F91 /* UIKeyCommand+Testing.swift */; };
		489423312680B22200855EE2 /* MockTabBarController.swift in Sources */ = {isa = PBXBuildFile; fileRef = 489423302680B22200855EE2 /* MockTabBarController.swift */; };
		48943DA726B970F800299FB4 /* NSCollectionLayoutSection+Testing.swift in Sources */ = {isa = PBXBuildFile; fileRef = 48943DA626B970F800299FB4 /* NSCollectionLayoutSection+Testing.swift */; };
		48943DAA26B9715400299FB4 /* UICollectionViewCompositionalLayout+Testing.swift in Sources */ = {isa = PBXBuildFile; fileRef = 48943DA926B9715400299FB4 /* UICollectionViewCompositionalLayout+Testing.swift */; };
		48943DAD26B9719300299FB4 /* MockCollectionLayoutEnvironment.swift in Sources */ = {isa = PBXBuildFile; fileRef = 48943DAC26B9719300299FB4 /* MockCollectionLayoutEnvironment.swift */; };
		48943DB026B9721300299FB4 /* MockCollectionLayoutContainer.swift in Sources */ = {isa = PBXBuildFile; fileRef = 48943DAF26B9721300299FB4 /* MockCollectionLayoutContainer.swift */; };
		48943DB326B974A400299FB4 /* UICollectionViewLayout+Testing.swift in Sources */ = {isa = PBXBuildFile; fileRef = 48943DB226B974A400299FB4 /* UICollectionViewLayout+Testing.swift */; };
		48943DDE26C1830700299FB4 /* TraitCollectionOverridingViewController.swift in Sources */ = {isa = PBXBuildFile; fileRef = 48943DDD26C1830700299FB4 /* TraitCollectionOverridingViewController.swift */; };
		489AE6F9265FD54F001FFB58 /* UIAction+Testing.swift in Sources */ = {isa = PBXBuildFile; fileRef = 489AE6F8265FD54F001FFB58 /* UIAction+Testing.swift */; };
		489AE700265FD601001FFB58 /* UIAlertAction+Testing.swift in Sources */ = {isa = PBXBuildFile; fileRef = 489AE6FF265FD601001FFB58 /* UIAlertAction+Testing.swift */; };
		48A311A226676F2C0073C0AB /* MockSelectionFeedbackGenerator.swift in Sources */ = {isa = PBXBuildFile; fileRef = 48A311A126676F2C0073C0AB /* MockSelectionFeedbackGenerator.swift */; };
		48A311A726676FC30073C0AB /* MockImpactFeedbackGenerator.swift in Sources */ = {isa = PBXBuildFile; fileRef = 48A311A626676FC30073C0AB /* MockImpactFeedbackGenerator.swift */; };
		48A311AE266770CF0073C0AB /* MockNotificationFeedbackGenerator.swift in Sources */ = {isa = PBXBuildFile; fileRef = 48A311AD266770CF0073C0AB /* MockNotificationFeedbackGenerator.swift */; };
		48BDDB672796AFC2004320FF /* DJATesting.h in Headers */ = {isa = PBXBuildFile; fileRef = 48BDDB662796AFC2004320FF /* DJATesting.h */; settings = {ATTRIBUTES = (Public, ); }; };
		48D0D6ED265445A500538973 /* UIControl+Testing.swift in Sources */ = {isa = PBXBuildFile; fileRef = 48D0D6E7265445A500538973 /* UIControl+Testing.swift */; };
		48D0D6EE265445A500538973 /* UIGestureRecognizer+Testing.m in Sources */ = {isa = PBXBuildFile; fileRef = 48D0D6E8265445A500538973 /* UIGestureRecognizer+Testing.m */; };
		48D0D6EF265445A500538973 /* UIImage+Testing.swift in Sources */ = {isa = PBXBuildFile; fileRef = 48D0D6E9265445A500538973 /* UIImage+Testing.swift */; };
		48D0D6F0265445A500538973 /* UIView+Testing.swift in Sources */ = {isa = PBXBuildFile; fileRef = 48D0D6EA265445A500538973 /* UIView+Testing.swift */; };
		48D0D6F1265445A500538973 /* UIGestureRecognizer+Testing.h in Headers */ = {isa = PBXBuildFile; fileRef = 48D0D6EB265445A500538973 /* UIGestureRecognizer+Testing.h */; settings = {ATTRIBUTES = (Public, ); }; };
		48D0D6F2265445A500538973 /* Decodable+Testing.swift in Sources */ = {isa = PBXBuildFile; fileRef = 48D0D6EC265445A500538973 /* Decodable+Testing.swift */; };
/* End PBXBuildFile section */

/* Begin PBXFileReference section */
		48145D68265C00FE002B351C /* MockViewControllerTransitionCoordinatorContext.swift */ = {isa = PBXFileReference; lastKnownFileType = sourcecode.swift; path = MockViewControllerTransitionCoordinatorContext.swift; sourceTree = "<group>"; };
		48145D6D265C0178002B351C /* MockTransitionCoordinator.swift */ = {isa = PBXFileReference; lastKnownFileType = sourcecode.swift; path = MockTransitionCoordinator.swift; sourceTree = "<group>"; };
		48145D72265C0225002B351C /* MockTransitionCoordinatingViewController.swift */ = {isa = PBXFileReference; lastKnownFileType = sourcecode.swift; path = MockTransitionCoordinatingViewController.swift; sourceTree = "<group>"; };
		48145D7B265C02B4002B351C /* MockPresentationViewController.swift */ = {isa = PBXFileReference; lastKnownFileType = sourcecode.swift; path = MockPresentationViewController.swift; sourceTree = "<group>"; };
		48145D82265C038D002B351C /* PresentationCapturingViewController.swift */ = {isa = PBXFileReference; lastKnownFileType = sourcecode.swift; path = PresentationCapturingViewController.swift; sourceTree = "<group>"; };
		481F44D926566E5E00618F4A /* MockNavigationController.swift */ = {isa = PBXFileReference; lastKnownFileType = sourcecode.swift; path = MockNavigationController.swift; sourceTree = "<group>"; };
		4859EE9B2685F3090042805C /* UIBarButtonItem+Testing.swift */ = {isa = PBXFileReference; lastKnownFileType = sourcecode.swift; path = "UIBarButtonItem+Testing.swift"; sourceTree = "<group>"; };
		485B455D26E9446600CF1F91 /* MockSplitViewController.swift */ = {isa = PBXFileReference; lastKnownFileType = sourcecode.swift; path = MockSplitViewController.swift; sourceTree = "<group>"; };
		485B456326EA228E00CF1F91 /* UIKeyCommand+Testing.swift */ = {isa = PBXFileReference; lastKnownFileType = sourcecode.swift; path = "UIKeyCommand+Testing.swift"; sourceTree = "<group>"; };
		489423302680B22200855EE2 /* MockTabBarController.swift */ = {isa = PBXFileReference; lastKnownFileType = sourcecode.swift; path = MockTabBarController.swift; sourceTree = "<group>"; };
		48943DA626B970F800299FB4 /* NSCollectionLayoutSection+Testing.swift */ = {isa = PBXFileReference; lastKnownFileType = sourcecode.swift; path = "NSCollectionLayoutSection+Testing.swift"; sourceTree = "<group>"; };
		48943DA926B9715400299FB4 /* UICollectionViewCompositionalLayout+Testing.swift */ = {isa = PBXFileReference; lastKnownFileType = sourcecode.swift; path = "UICollectionViewCompositionalLayout+Testing.swift"; sourceTree = "<group>"; };
		48943DAC26B9719300299FB4 /* MockCollectionLayoutEnvironment.swift */ = {isa = PBXFileReference; lastKnownFileType = sourcecode.swift; path = MockCollectionLayoutEnvironment.swift; sourceTree = "<group>"; };
		48943DAF26B9721300299FB4 /* MockCollectionLayoutContainer.swift */ = {isa = PBXFileReference; lastKnownFileType = sourcecode.swift; path = MockCollectionLayoutContainer.swift; sourceTree = "<group>"; };
		48943DB226B974A400299FB4 /* UICollectionViewLayout+Testing.swift */ = {isa = PBXFileReference; lastKnownFileType = sourcecode.swift; path = "UICollectionViewLayout+Testing.swift"; sourceTree = "<group>"; };
		48943DDD26C1830700299FB4 /* TraitCollectionOverridingViewController.swift */ = {isa = PBXFileReference; lastKnownFileType = sourcecode.swift; path = TraitCollectionOverridingViewController.swift; sourceTree = "<group>"; };
		489AE6F8265FD54F001FFB58 /* UIAction+Testing.swift */ = {isa = PBXFileReference; lastKnownFileType = sourcecode.swift; path = "UIAction+Testing.swift"; sourceTree = "<group>"; };
		489AE6FF265FD601001FFB58 /* UIAlertAction+Testing.swift */ = {isa = PBXFileReference; lastKnownFileType = sourcecode.swift; path = "UIAlertAction+Testing.swift"; sourceTree = "<group>"; };
		48A311A126676F2C0073C0AB /* MockSelectionFeedbackGenerator.swift */ = {isa = PBXFileReference; lastKnownFileType = sourcecode.swift; path = MockSelectionFeedbackGenerator.swift; sourceTree = "<group>"; };
		48A311A626676FC30073C0AB /* MockImpactFeedbackGenerator.swift */ = {isa = PBXFileReference; lastKnownFileType = sourcecode.swift; path = MockImpactFeedbackGenerator.swift; sourceTree = "<group>"; };
		48A311AD266770CF0073C0AB /* MockNotificationFeedbackGenerator.swift */ = {isa = PBXFileReference; lastKnownFileType = sourcecode.swift; path = MockNotificationFeedbackGenerator.swift; sourceTree = "<group>"; };
		48BDDB662796AFC2004320FF /* DJATesting.h */ = {isa = PBXFileReference; fileEncoding = 4; lastKnownFileType = sourcecode.c.h; path = DJATesting.h; sourceTree = "<group>"; };
		48D0D6C126543B5500538973 /* DJATesting.framework */ = {isa = PBXFileReference; explicitFileType = wrapper.framework; includeInIndex = 0; path = DJATesting.framework; sourceTree = BUILT_PRODUCTS_DIR; };
		48D0D6E7265445A500538973 /* UIControl+Testing.swift */ = {isa = PBXFileReference; fileEncoding = 4; lastKnownFileType = sourcecode.swift; path = "UIControl+Testing.swift"; sourceTree = "<group>"; };
		48D0D6E8265445A500538973 /* UIGestureRecognizer+Testing.m */ = {isa = PBXFileReference; fileEncoding = 4; lastKnownFileType = sourcecode.c.objc; path = "UIGestureRecognizer+Testing.m"; sourceTree = "<group>"; };
		48D0D6E9265445A500538973 /* UIImage+Testing.swift */ = {isa = PBXFileReference; fileEncoding = 4; lastKnownFileType = sourcecode.swift; path = "UIImage+Testing.swift"; sourceTree = "<group>"; };
		48D0D6EA265445A500538973 /* UIView+Testing.swift */ = {isa = PBXFileReference; fileEncoding = 4; lastKnownFileType = sourcecode.swift; path = "UIView+Testing.swift"; sourceTree = "<group>"; };
		48D0D6EB265445A500538973 /* UIGestureRecognizer+Testing.h */ = {isa = PBXFileReference; fileEncoding = 4; lastKnownFileType = sourcecode.c.h; path = "UIGestureRecognizer+Testing.h"; sourceTree = "<group>"; };
		48D0D6EC265445A500538973 /* Decodable+Testing.swift */ = {isa = PBXFileReference; fileEncoding = 4; lastKnownFileType = sourcecode.swift; path = "Decodable+Testing.swift"; sourceTree = "<group>"; };
/* End PBXFileReference section */

/* Begin PBXFrameworksBuildPhase section */
		48D0D6BE26543B5500538973 /* Frameworks */ = {
			isa = PBXFrameworksBuildPhase;
			buildActionMask = 2147483647;
			files = (
			);
			runOnlyForDeploymentPostprocessing = 0;
		};
/* End PBXFrameworksBuildPhase section */

/* Begin PBXGroup section */
		48145D67265C00DE002B351C /* Mocks */ = {
			isa = PBXGroup;
			children = (
				48A311A026676EB30073C0AB /* Feedback Generators */,
				48943DAF26B9721300299FB4 /* MockCollectionLayoutContainer.swift */,
				48943DAC26B9719300299FB4 /* MockCollectionLayoutEnvironment.swift */,
				481F44D926566E5E00618F4A /* MockNavigationController.swift */,
				48145D7B265C02B4002B351C /* MockPresentationViewController.swift */,
				485B455D26E9446600CF1F91 /* MockSplitViewController.swift */,
				489423302680B22200855EE2 /* MockTabBarController.swift */,
				48145D72265C0225002B351C /* MockTransitionCoordinatingViewController.swift */,
				48145D6D265C0178002B351C /* MockTransitionCoordinator.swift */,
				48145D68265C00FE002B351C /* MockViewControllerTransitionCoordinatorContext.swift */,
			);
			path = Mocks;
			sourceTree = "<group>";
		};
		48A311A026676EB30073C0AB /* Feedback Generators */ = {
			isa = PBXGroup;
			children = (
				48A311A626676FC30073C0AB /* MockImpactFeedbackGenerator.swift */,
				48A311AD266770CF0073C0AB /* MockNotificationFeedbackGenerator.swift */,
				48A311A126676F2C0073C0AB /* MockSelectionFeedbackGenerator.swift */,
			);
			path = "Feedback Generators";
			sourceTree = "<group>";
		};
		48D0D6B726543B5500538973 = {
			isa = PBXGroup;
			children = (
				48D0D6E5265445A500538973 /* Sources */,
				48BDDB662796AFC2004320FF /* DJATesting.h */,
				48D0D6C226543B5500538973 /* Products */,
			);
			sourceTree = "<group>";
		};
		48D0D6C226543B5500538973 /* Products */ = {
			isa = PBXGroup;
			children = (
				48D0D6C126543B5500538973 /* DJATesting.framework */,
			);
			name = Products;
			sourceTree = "<group>";
		};
		48D0D6E5265445A500538973 /* Sources */ = {
			isa = PBXGroup;
			children = (
				48D0D6E6265445A500538973 /* UIKit */,
				48D0D6EC265445A500538973 /* Decodable+Testing.swift */,
			);
			path = Sources;
			sourceTree = "<group>";
		};
		48D0D6E6265445A500538973 /* UIKit */ = {
			isa = PBXGroup;
			children = (
				48943DA626B970F800299FB4 /* NSCollectionLayoutSection+Testing.swift */,
				48145D82265C038D002B351C /* PresentationCapturingViewController.swift */,
				48145D67265C00DE002B351C /* Mocks */,
				48943DDD26C1830700299FB4 /* TraitCollectionOverridingViewController.swift */,
				489AE6F8265FD54F001FFB58 /* UIAction+Testing.swift */,
				489AE6FF265FD601001FFB58 /* UIAlertAction+Testing.swift */,
				4859EE9B2685F3090042805C /* UIBarButtonItem+Testing.swift */,
				48943DA926B9715400299FB4 /* UICollectionViewCompositionalLayout+Testing.swift */,
				48943DB226B974A400299FB4 /* UICollectionViewLayout+Testing.swift */,
				48D0D6E7265445A500538973 /* UIControl+Testing.swift */,
				48D0D6EB265445A500538973 /* UIGestureRecognizer+Testing.h */,
				48D0D6E8265445A500538973 /* UIGestureRecognizer+Testing.m */,
				48D0D6E9265445A500538973 /* UIImage+Testing.swift */,
				485B456326EA228E00CF1F91 /* UIKeyCommand+Testing.swift */,
				48D0D6EA265445A500538973 /* UIView+Testing.swift */,
			);
			path = UIKit;
			sourceTree = "<group>";
		};
/* End PBXGroup section */

/* Begin PBXHeadersBuildPhase section */
		48D0D6BC26543B5500538973 /* Headers */ = {
			isa = PBXHeadersBuildPhase;
			buildActionMask = 2147483647;
			files = (
				48D0D6F1265445A500538973 /* UIGestureRecognizer+Testing.h in Headers */,
				48BDDB672796AFC2004320FF /* DJATesting.h in Headers */,
			);
			runOnlyForDeploymentPostprocessing = 0;
		};
/* End PBXHeadersBuildPhase section */

/* Begin PBXNativeTarget section */
		48D0D6C026543B5500538973 /* DJATesting */ = {
			isa = PBXNativeTarget;
			buildConfigurationList = 48D0D6C926543B5500538973 /* Build configuration list for PBXNativeTarget "DJATesting" */;
			buildPhases = (
				48D0D6BC26543B5500538973 /* Headers */,
				48D0D6BD26543B5500538973 /* Sources */,
				48D0D6BE26543B5500538973 /* Frameworks */,
				48D0D6BF26543B5500538973 /* Resources */,
			);
			buildRules = (
			);
			dependencies = (
			);
			name = DJATesting;
			productName = DJATesting;
			productReference = 48D0D6C126543B5500538973 /* DJATesting.framework */;
			productType = "com.apple.product-type.framework";
		};
/* End PBXNativeTarget section */

/* Begin PBXProject section */
		48D0D6B826543B5500538973 /* Project object */ = {
			isa = PBXProject;
			attributes = {
				LastUpgradeCheck = 1320;
				TargetAttributes = {
					48D0D6C026543B5500538973 = {
						CreatedOnToolsVersion = 12.4;
						LastSwiftMigration = 1240;
					};
				};
			};
			buildConfigurationList = 48D0D6BB26543B5500538973 /* Build configuration list for PBXProject "DJATesting" */;
			compatibilityVersion = "Xcode 9.3";
			developmentRegion = en;
			hasScannedForEncodings = 0;
			knownRegions = (
				en,
				Base,
			);
			mainGroup = 48D0D6B726543B5500538973;
			productRefGroup = 48D0D6C226543B5500538973 /* Products */;
			projectDirPath = "";
			projectRoot = "";
			targets = (
				48D0D6C026543B5500538973 /* DJATesting */,
			);
		};
/* End PBXProject section */

/* Begin PBXResourcesBuildPhase section */
		48D0D6BF26543B5500538973 /* Resources */ = {
			isa = PBXResourcesBuildPhase;
			buildActionMask = 2147483647;
			files = (
			);
			runOnlyForDeploymentPostprocessing = 0;
		};
/* End PBXResourcesBuildPhase section */

/* Begin PBXSourcesBuildPhase section */
		48D0D6BD26543B5500538973 /* Sources */ = {
			isa = PBXSourcesBuildPhase;
			buildActionMask = 2147483647;
			files = (
				48D0D6F2265445A500538973 /* Decodable+Testing.swift in Sources */,
				48D0D6F0265445A500538973 /* UIView+Testing.swift in Sources */,
				489AE6F9265FD54F001FFB58 /* UIAction+Testing.swift in Sources */,
				489423312680B22200855EE2 /* MockTabBarController.swift in Sources */,
				48943DA726B970F800299FB4 /* NSCollectionLayoutSection+Testing.swift in Sources */,
				48145D7C265C02B4002B351C /* MockPresentationViewController.swift in Sources */,
				485B456426EA228E00CF1F91 /* UIKeyCommand+Testing.swift in Sources */,
				48D0D6EF265445A500538973 /* UIImage+Testing.swift in Sources */,
				48A311A226676F2C0073C0AB /* MockSelectionFeedbackGenerator.swift in Sources */,
				48943DDE26C1830700299FB4 /* TraitCollectionOverridingViewController.swift in Sources */,
				48145D6E265C0178002B351C /* MockTransitionCoordinator.swift in Sources */,
				48145D69265C00FE002B351C /* MockViewControllerTransitionCoordinatorContext.swift in Sources */,
				48943DAD26B9719300299FB4 /* MockCollectionLayoutEnvironment.swift in Sources */,
				48943DB026B9721300299FB4 /* MockCollectionLayoutContainer.swift in Sources */,
				485B455E26E9446600CF1F91 /* MockSplitViewController.swift in Sources */,
				48943DB326B974A400299FB4 /* UICollectionViewLayout+Testing.swift in Sources */,
				4859EE9C2685F3090042805C /* UIBarButtonItem+Testing.swift in Sources */,
				48D0D6ED265445A500538973 /* UIControl+Testing.swift in Sources */,
				48D0D6EE265445A500538973 /* UIGestureRecognizer+Testing.m in Sources */,
				48943DAA26B9715400299FB4 /* UICollectionViewCompositionalLayout+Testing.swift in Sources */,
				48145D83265C038D002B351C /* PresentationCapturingViewController.swift in Sources */,
				48A311A726676FC30073C0AB /* MockImpactFeedbackGenerator.swift in Sources */,
				481F44DA26566E5E00618F4A /* MockNavigationController.swift in Sources */,
				48145D73265C0225002B351C /* MockTransitionCoordinatingViewController.swift in Sources */,
				489AE700265FD601001FFB58 /* UIAlertAction+Testing.swift in Sources */,
				48A311AE266770CF0073C0AB /* MockNotificationFeedbackGenerator.swift in Sources */,
			);
			runOnlyForDeploymentPostprocessing = 0;
		};
/* End PBXSourcesBuildPhase section */

/* Begin XCBuildConfiguration section */
		48D0D6C726543B5500538973 /* Debug */ = {
			isa = XCBuildConfiguration;
			buildSettings = {
				ALWAYS_SEARCH_USER_PATHS = NO;
				CLANG_ANALYZER_NONNULL = YES;
				CLANG_ANALYZER_NUMBER_OBJECT_CONVERSION = YES_AGGRESSIVE;
				CLANG_CXX_LANGUAGE_STANDARD = "gnu++14";
				CLANG_CXX_LIBRARY = "libc++";
				CLANG_ENABLE_MODULES = YES;
				CLANG_ENABLE_OBJC_ARC = YES;
				CLANG_ENABLE_OBJC_WEAK = YES;
				CLANG_WARN_BLOCK_CAPTURE_AUTORELEASING = YES;
				CLANG_WARN_BOOL_CONVERSION = YES;
				CLANG_WARN_COMMA = YES;
				CLANG_WARN_CONSTANT_CONVERSION = YES;
				CLANG_WARN_DEPRECATED_OBJC_IMPLEMENTATIONS = YES;
				CLANG_WARN_DIRECT_OBJC_ISA_USAGE = YES_ERROR;
				CLANG_WARN_DOCUMENTATION_COMMENTS = YES;
				CLANG_WARN_EMPTY_BODY = YES;
				CLANG_WARN_ENUM_CONVERSION = YES;
				CLANG_WARN_INFINITE_RECURSION = YES;
				CLANG_WARN_INT_CONVERSION = YES;
				CLANG_WARN_NON_LITERAL_NULL_CONVERSION = YES;
				CLANG_WARN_OBJC_IMPLICIT_RETAIN_SELF = YES;
				CLANG_WARN_OBJC_LITERAL_CONVERSION = YES;
				CLANG_WARN_OBJC_ROOT_CLASS = YES_ERROR;
				CLANG_WARN_QUOTED_INCLUDE_IN_FRAMEWORK_HEADER = YES;
				CLANG_WARN_RANGE_LOOP_ANALYSIS = YES;
				CLANG_WARN_STRICT_PROTOTYPES = YES;
				CLANG_WARN_SUSPICIOUS_MOVE = YES;
				CLANG_WARN_UNGUARDED_AVAILABILITY = YES_AGGRESSIVE;
				CLANG_WARN_UNREACHABLE_CODE = YES;
				CLANG_WARN__DUPLICATE_METHOD_MATCH = YES;
				COPY_PHASE_STRIP = NO;
				CURRENT_PROJECT_VERSION = 1;
				DEBUG_INFORMATION_FORMAT = dwarf;
				ENABLE_STRICT_OBJC_MSGSEND = YES;
				ENABLE_TESTABILITY = YES;
				GCC_C_LANGUAGE_STANDARD = gnu11;
				GCC_DYNAMIC_NO_PIC = NO;
				GCC_NO_COMMON_BLOCKS = YES;
				GCC_OPTIMIZATION_LEVEL = 0;
				GCC_PREPROCESSOR_DEFINITIONS = (
					"DEBUG=1",
					"$(inherited)",
				);
				GCC_WARN_64_TO_32_BIT_CONVERSION = YES;
				GCC_WARN_ABOUT_RETURN_TYPE = YES_ERROR;
				GCC_WARN_UNDECLARED_SELECTOR = YES;
				GCC_WARN_UNINITIALIZED_AUTOS = YES_AGGRESSIVE;
				GCC_WARN_UNUSED_FUNCTION = YES;
				GCC_WARN_UNUSED_VARIABLE = YES;
				IPHONEOS_DEPLOYMENT_TARGET = 14.4;
				MTL_ENABLE_DEBUG_INFO = INCLUDE_SOURCE;
				MTL_FAST_MATH = YES;
				ONLY_ACTIVE_ARCH = YES;
				SDKROOT = iphoneos;
				SWIFT_ACTIVE_COMPILATION_CONDITIONS = DEBUG;
				SWIFT_OPTIMIZATION_LEVEL = "-Onone";
				VERSIONING_SYSTEM = "apple-generic";
				VERSION_INFO_PREFIX = "";
			};
			name = Debug;
		};
		48D0D6C826543B5500538973 /* Release */ = {
			isa = XCBuildConfiguration;
			buildSettings = {
				ALWAYS_SEARCH_USER_PATHS = NO;
				CLANG_ANALYZER_NONNULL = YES;
				CLANG_ANALYZER_NUMBER_OBJECT_CONVERSION = YES_AGGRESSIVE;
				CLANG_CXX_LANGUAGE_STANDARD = "gnu++14";
				CLANG_CXX_LIBRARY = "libc++";
				CLANG_ENABLE_MODULES = YES;
				CLANG_ENABLE_OBJC_ARC = YES;
				CLANG_ENABLE_OBJC_WEAK = YES;
				CLANG_WARN_BLOCK_CAPTURE_AUTORELEASING = YES;
				CLANG_WARN_BOOL_CONVERSION = YES;
				CLANG_WARN_COMMA = YES;
				CLANG_WARN_CONSTANT_CONVERSION = YES;
				CLANG_WARN_DEPRECATED_OBJC_IMPLEMENTATIONS = YES;
				CLANG_WARN_DIRECT_OBJC_ISA_USAGE = YES_ERROR;
				CLANG_WARN_DOCUMENTATION_COMMENTS = YES;
				CLANG_WARN_EMPTY_BODY = YES;
				CLANG_WARN_ENUM_CONVERSION = YES;
				CLANG_WARN_INFINITE_RECURSION = YES;
				CLANG_WARN_INT_CONVERSION = YES;
				CLANG_WARN_NON_LITERAL_NULL_CONVERSION = YES;
				CLANG_WARN_OBJC_IMPLICIT_RETAIN_SELF = YES;
				CLANG_WARN_OBJC_LITERAL_CONVERSION = YES;
				CLANG_WARN_OBJC_ROOT_CLASS = YES_ERROR;
				CLANG_WARN_QUOTED_INCLUDE_IN_FRAMEWORK_HEADER = YES;
				CLANG_WARN_RANGE_LOOP_ANALYSIS = YES;
				CLANG_WARN_STRICT_PROTOTYPES = YES;
				CLANG_WARN_SUSPICIOUS_MOVE = YES;
				CLANG_WARN_UNGUARDED_AVAILABILITY = YES_AGGRESSIVE;
				CLANG_WARN_UNREACHABLE_CODE = YES;
				CLANG_WARN__DUPLICATE_METHOD_MATCH = YES;
				COPY_PHASE_STRIP = NO;
				CURRENT_PROJECT_VERSION = 1;
				DEBUG_INFORMATION_FORMAT = "dwarf-with-dsym";
				ENABLE_NS_ASSERTIONS = NO;
				ENABLE_STRICT_OBJC_MSGSEND = YES;
				GCC_C_LANGUAGE_STANDARD = gnu11;
				GCC_NO_COMMON_BLOCKS = YES;
				GCC_WARN_64_TO_32_BIT_CONVERSION = YES;
				GCC_WARN_ABOUT_RETURN_TYPE = YES_ERROR;
				GCC_WARN_UNDECLARED_SELECTOR = YES;
				GCC_WARN_UNINITIALIZED_AUTOS = YES_AGGRESSIVE;
				GCC_WARN_UNUSED_FUNCTION = YES;
				GCC_WARN_UNUSED_VARIABLE = YES;
				IPHONEOS_DEPLOYMENT_TARGET = 14.4;
				MTL_ENABLE_DEBUG_INFO = NO;
				MTL_FAST_MATH = YES;
				SDKROOT = iphoneos;
				SWIFT_COMPILATION_MODE = wholemodule;
				SWIFT_OPTIMIZATION_LEVEL = "-O";
				VALIDATE_PRODUCT = YES;
				VERSIONING_SYSTEM = "apple-generic";
				VERSION_INFO_PREFIX = "";
			};
			name = Release;
		};
		48D0D6CA26543B5500538973 /* Debug */ = {
			isa = XCBuildConfiguration;
			buildSettings = {
				ALLOW_TARGET_PLATFORM_SPECIALIZATION = YES;
				APPLICATION_EXTENSION_API_ONLY = YES;
				CLANG_ENABLE_MODULES = YES;
				CODE_SIGN_STYLE = Automatic;
				DEFINES_MODULE = YES;
				DYLIB_COMPATIBILITY_VERSION = 1;
				DYLIB_CURRENT_VERSION = 1;
				DYLIB_INSTALL_NAME_BASE = "@rpath";
				INFOPLIST_FILE = Info.plist;
				INSTALL_PATH = "$(LOCAL_LIBRARY_DIR)/Frameworks";
				IPHONEOS_DEPLOYMENT_TARGET = 10.0;
				LD_RUNPATH_SEARCH_PATHS = (
					"$(inherited)",
					"@executable_path/Frameworks",
					"@loader_path/Frameworks",
				);
				MARKETING_VERSION = 1.13.0;
				PRODUCT_BUNDLE_IDENTIFIER = com.darjeeling.DJATesting;
				PRODUCT_NAME = DJATesting;
				SKIP_INSTALL = YES;
				SUPPORTED_PLATFORMS = "iphonesimulator iphoneos appletvos appletvsimulator";
				SWIFT_OPTIMIZATION_LEVEL = "-Onone";
				SWIFT_VERSION = 5.0;
				TARGETED_DEVICE_FAMILY = "1,2,3";
				TVOS_DEPLOYMENT_TARGET = 10.0;
			};
			name = Debug;
		};
		48D0D6CB26543B5500538973 /* Release */ = {
			isa = XCBuildConfiguration;
			buildSettings = {
				ALLOW_TARGET_PLATFORM_SPECIALIZATION = YES;
				APPLICATION_EXTENSION_API_ONLY = YES;
				CLANG_ENABLE_MODULES = YES;
				CODE_SIGN_STYLE = Automatic;
				DEFINES_MODULE = YES;
				DYLIB_COMPATIBILITY_VERSION = 1;
				DYLIB_CURRENT_VERSION = 1;
				DYLIB_INSTALL_NAME_BASE = "@rpath";
				INFOPLIST_FILE = Info.plist;
				INSTALL_PATH = "$(LOCAL_LIBRARY_DIR)/Frameworks";
				IPHONEOS_DEPLOYMENT_TARGET = 10.0;
				LD_RUNPATH_SEARCH_PATHS = (
					"$(inherited)",
					"@executable_path/Frameworks",
					"@loader_path/Frameworks",
				);
				MARKETING_VERSION = 1.13.0;
				PRODUCT_BUNDLE_IDENTIFIER = com.darjeeling.DJATesting;
				PRODUCT_NAME = DJATesting;
				SKIP_INSTALL = YES;
				SUPPORTED_PLATFORMS = "iphonesimulator iphoneos appletvos appletvsimulator";
				SWIFT_VERSION = 5.0;
				TARGETED_DEVICE_FAMILY = "1,2,3";
				TVOS_DEPLOYMENT_TARGET = 10.0;
			};
			name = Release;
		};
/* End XCBuildConfiguration section */

/* Begin XCConfigurationList section */
		48D0D6BB26543B5500538973 /* Build configuration list for PBXProject "DJATesting" */ = {
			isa = XCConfigurationList;
			buildConfigurations = (
				48D0D6C726543B5500538973 /* Debug */,
				48D0D6C826543B5500538973 /* Release */,
			);
			defaultConfigurationIsVisible = 0;
			defaultConfigurationName = Release;
		};
		48D0D6C926543B5500538973 /* Build configuration list for PBXNativeTarget "DJATesting" */ = {
			isa = XCConfigurationList;
			buildConfigurations = (
				48D0D6CA26543B5500538973 /* Debug */,
				48D0D6CB26543B5500538973 /* Release */,
			);
			defaultConfigurationIsVisible = 0;
			defaultConfigurationName = Release;
		};
/* End XCConfigurationList section */
	};
	rootObject = 48D0D6B826543B5500538973 /* Project object */;
}
